
Microsoft Visual Studio Solution File, Format Version 12.00
# Visual Studio Version 17
VisualStudioVersion = 17.8.34525.116
MinimumVisualStudioVersion = 10.0.40219.1
Project("{FAE04EC0-301F-11D3-BF4B-00C04F79EFBC}") = "InvestmentSimulator.Backend", "InvestmentSimulator.Backend\InvestmentSimulator.Backend.csproj", "{35F66F55-6942-42F1-8D6B-963EF4AAF92B}"
EndProject
Global
	GlobalSection(SolutionConfigurationPlatforms) = preSolution
		Debug|Any CPU = Debug|Any CPU
		Release|Any CPU = Release|Any CPU
	EndGlobalSection
	GlobalSection(ProjectConfigurationPlatforms) = postSolution
		{35F66F55-6942-42F1-8D6B-963EF4AAF92B}.Debug|Any CPU.ActiveCfg = Debug|Any CPU
		{35F66F55-6942-42F1-8D6B-963EF4AAF92B}.Debug|Any CPU.Build.0 = Debug|Any CPU
		{35F66F55-6942-42F1-8D6B-963EF4AAF92B}.Release|Any CPU.ActiveCfg = Release|Any CPU
		{35F66F55-6942-42F1-8D6B-963EF4AAF92B}.Release|Any CPU.Build.0 = Release|Any CPU
	EndGlobalSection
	GlobalSection(SolutionProperties) = preSolution
		HideSolutionNode = FALSE
	EndGlobalSection
	GlobalSection(ExtensibilityGlobals) = postSolution
		SolutionGuid = {2813F4CE-B08C-4820-9E7A-BA6E8A9F5ED8}
	EndGlobalSection
EndGlobal
